
Microsoft Visual Studio Solution File, Format Version 12.00
# Visual Studio Version 17
VisualStudioVersion = 17.8.34330.188
MinimumVisualStudioVersion = 10.0.40219.1
Project("{9A19103F-16F7-4668-BE54-9A1E7A4F7556}") = "CSharpstudy", "CSharpstudy.csproj", "{089E4779-23AF-492A-822D-76970810AD05}"
EndProject
Project("{9A19103F-16F7-4668-BE54-9A1E7A4F7556}") = "클래스와 메소드", "..\클래스와 메소드\클래스와 메소드.csproj", "{D7B3E37F-0B09-428A-BF7F-336FEC465B72}"
EndProject
Project("{9A19103F-16F7-4668-BE54-9A1E7A4F7556}") = "코드흐름제어", "..\코드흐름제어\코드흐름제어.csproj", "{D619E649-9A80-4BC5-B56C-994B05684EFE}"
EndProject
Project("{FAE04EC0-301F-11D3-BF4B-00C04F79EFBC}") = "클래스 상속", "..\클래스 상속\클래스 상속.csproj", "{D986549B-0750-434E-A526-1BBC837FB70F}"
EndProject
Global
	GlobalSection(SolutionConfigurationPlatforms) = preSolution
		Debug|Any CPU = Debug|Any CPU
		Release|Any CPU = Release|Any CPU
	EndGlobalSection
	GlobalSection(ProjectConfigurationPlatforms) = postSolution
		{089E4779-23AF-492A-822D-76970810AD05}.Debug|Any CPU.ActiveCfg = Debug|Any CPU
		{089E4779-23AF-492A-822D-76970810AD05}.Debug|Any CPU.Build.0 = Debug|Any CPU
		{089E4779-23AF-492A-822D-76970810AD05}.Release|Any CPU.ActiveCfg = Release|Any CPU
		{089E4779-23AF-492A-822D-76970810AD05}.Release|Any CPU.Build.0 = Release|Any CPU
		{D7B3E37F-0B09-428A-BF7F-336FEC465B72}.Debug|Any CPU.ActiveCfg = Debug|Any CPU
		{D7B3E37F-0B09-428A-BF7F-336FEC465B72}.Debug|Any CPU.Build.0 = Debug|Any CPU
		{D7B3E37F-0B09-428A-BF7F-336FEC465B72}.Release|Any CPU.ActiveCfg = Release|Any CPU
		{D7B3E37F-0B09-428A-BF7F-336FEC465B72}.Release|Any CPU.Build.0 = Release|Any CPU
		{D619E649-9A80-4BC5-B56C-994B05684EFE}.Debug|Any CPU.ActiveCfg = Debug|Any CPU
		{D619E649-9A80-4BC5-B56C-994B05684EFE}.Debug|Any CPU.Build.0 = Debug|Any CPU
		{D619E649-9A80-4BC5-B56C-994B05684EFE}.Release|Any CPU.ActiveCfg = Release|Any CPU
		{D619E649-9A80-4BC5-B56C-994B05684EFE}.Release|Any CPU.Build.0 = Release|Any CPU
		{D986549B-0750-434E-A526-1BBC837FB70F}.Debug|Any CPU.ActiveCfg = Debug|Any CPU
		{D986549B-0750-434E-A526-1BBC837FB70F}.Debug|Any CPU.Build.0 = Debug|Any CPU
		{D986549B-0750-434E-A526-1BBC837FB70F}.Release|Any CPU.ActiveCfg = Release|Any CPU
		{D986549B-0750-434E-A526-1BBC837FB70F}.Release|Any CPU.Build.0 = Release|Any CPU
	EndGlobalSection
	GlobalSection(SolutionProperties) = preSolution
		HideSolutionNode = FALSE
	EndGlobalSection
	GlobalSection(ExtensibilityGlobals) = postSolution
		SolutionGuid = {484B9753-9EFC-4BB6-A042-BCEB7A8FDB52}
	EndGlobalSection
EndGlobal
